
Microsoft Visual Studio Solution File, Format Version 12.00
# Visual Studio Version 16
VisualStudioVersion = 16.0.32002.261
MinimumVisualStudioVersion = 10.0.40219.1
Project("{FAE04EC0-301F-11D3-BF4B-00C04F79EFBC}") = "MyHomework_Lesson_7_1", "MyHomework_Lesson_7_1\MyHomework_Lesson_7_1.csproj", "{DD3D07B8-7DBB-4C40-90F1-3ECEF0CB3FA0}"
EndProject
Project("{FAE04EC0-301F-11D3-BF4B-00C04F79EFBC}") = "MyHomework_Lesson_7_2", "MyHomework_Lesson_7_2\MyHomework_Lesson_7_2.csproj", "{3FE5F7C9-1C26-49D9-905A-FBB61117667B}"
EndProject
Global
	GlobalSection(SolutionConfigurationPlatforms) = preSolution
		Debug|Any CPU = Debug|Any CPU
		Release|Any CPU = Release|Any CPU
	EndGlobalSection
	GlobalSection(ProjectConfigurationPlatforms) = postSolution
		{DD3D07B8-7DBB-4C40-90F1-3ECEF0CB3FA0}.Debug|Any CPU.ActiveCfg = Debug|Any CPU
		{DD3D07B8-7DBB-4C40-90F1-3ECEF0CB3FA0}.Debug|Any CPU.Build.0 = Debug|Any CPU
		{DD3D07B8-7DBB-4C40-90F1-3ECEF0CB3FA0}.Release|Any CPU.ActiveCfg = Release|Any CPU
		{DD3D07B8-7DBB-4C40-90F1-3ECEF0CB3FA0}.Release|Any CPU.Build.0 = Release|Any CPU
		{3FE5F7C9-1C26-49D9-905A-FBB61117667B}.Debug|Any CPU.ActiveCfg = Debug|Any CPU
		{3FE5F7C9-1C26-49D9-905A-FBB61117667B}.Debug|Any CPU.Build.0 = Debug|Any CPU
		{3FE5F7C9-1C26-49D9-905A-FBB61117667B}.Release|Any CPU.ActiveCfg = Release|Any CPU
		{3FE5F7C9-1C26-49D9-905A-FBB61117667B}.Release|Any CPU.Build.0 = Release|Any CPU
	EndGlobalSection
	GlobalSection(SolutionProperties) = preSolution
		HideSolutionNode = FALSE
	EndGlobalSection
	GlobalSection(ExtensibilityGlobals) = postSolution
		SolutionGuid = {88339AD9-E68E-4664-BA9D-C09FE0158BCD}
	EndGlobalSection
EndGlobal
